{
  "name": "caseinterview-practice",
  "version": "1.0.0",
  "lockfileVersion": 2,
  "requires": true,
  "packages": {
    "": {
      "name": "caseinterview-practice",
      "version": "1.0.0",
      "license": "ISC",
      "dependencies": {
        "@types/node": "^16.4.0"
      },
      "devDependencies": {
        "typescript": "^4.3.5"
      }
    },
    "node_modules/@types/node": {
      "version": "16.4.0",
      "resolved": "https://registry.nlark.com/@types/node/download/@types/node-16.4.0.tgz?cache=0&sync_timestamp=1626816954144&other_urls=https%3A%2F%2Fregistry.nlark.com%2F%40types%2Fnode%2Fdownload%2F%40types%2Fnode-16.4.0.tgz",
      "integrity": "sha1-LCGeqjuNHk0E9N1uQLxox0Z9UnI="
    },
    "node_modules/typescript": {
      "version": "4.3.5",
      "resolved": "https://registry.nlark.com/typescript/download/typescript-4.3.5.tgz?cache=0&sync_timestamp=1626938290774&other_urls=https%3A%2F%2Fregistry.nlark.com%2Ftypescript%2Fdownload%2Ftypescript-4.3.5.tgz",
      "integrity": "sha1-TRw3zBbok5c8RaBohrcRMjTxGfQ=",
      "dev": true,
      "bin": {
        "tsc": "bin/tsc",
        "tsserver": "bin/tsserver"
      },
      "engines": {
        "node": ">=4.2.0"
      }
    }
  },
  "dependencies": {
    "@types/node": {
      "version": "16.4.0",
      "resolved": "https://registry.nlark.com/@types/node/download/@types/node-16.4.0.tgz?cache=0&sync_timestamp=1626816954144&other_urls=https%3A%2F%2Fregistry.nlark.com%2F%40types%2Fnode%2Fdownload%2F%40types%2Fnode-16.4.0.tgz",
      "integrity": "sha1-LCGeqjuNHk0E9N1uQLxox0Z9UnI="
    },
    "typescript": {
      "version": "4.3.5",
      "resolved": "https://registry.nlark.com/typescript/download/typescript-4.3.5.tgz?cache=0&sync_timestamp=1626938290774&other_urls=https%3A%2F%2Fregistry.nlark.com%2Ftypescript%2Fdownload%2Ftypescript-4.3.5.tgz",
      "integrity": "sha1-TRw3zBbok5c8RaBohrcRMjTxGfQ=",
      "dev": true
    }
  }
}
